
Microsoft Visual Studio Solution File, Format Version 12.00
# Visual Studio Version 17
VisualStudioVersion = 17.6.33617.297
MinimumVisualStudioVersion = 10.0.40219.1
Project("{9A19103F-16F7-4668-BE54-9A1E7A4F7556}") = "Stadsdelsdialog.Application", "src\Stadsdelsdialog.Application\Stadsdelsdialog.Application.csproj", "{BB539620-A20E-4099-99B5-C6C1ED103CA2}"
EndProject
Project("{9A19103F-16F7-4668-BE54-9A1E7A4F7556}") = "Stadsdelsdialog.Web", "src\Stadsdelsdialog.Web\Stadsdelsdialog.Web.csproj", "{2C0259E6-1B46-4EEA-AF87-C669D655CB4B}"
EndProject
Project("{9A19103F-16F7-4668-BE54-9A1E7A4F7556}") = "Stadsdelsdialog.Admin", "src\Stadsdelsdialog.Admin\Stadsdelsdialog.Admin.csproj", "{4AD3D115-641D-4BB7-991A-4BF67373C8B9}"
EndProject
Project("{FAE04EC0-301F-11D3-BF4B-00C04F79EFBC}") = "Stadsdelsdialog.Domain", "src\Stadsdelsdialog.Domain\Stadsdelsdialog.Domain.csproj", "{A83E033B-4027-44BA-A6E1-D3A1F4F18058}"
EndProject
Project("{2150E333-8FDC-42A3-9474-1A3956D46DE8}") = "Solution Items", "Solution Items", "{621600D5-BDF1-4BFB-AD82-A0769A6B75BB}"
	ProjectSection(SolutionItems) = preProject
		README.md = README.md
	EndProjectSection
EndProject
Global
	GlobalSection(SolutionConfigurationPlatforms) = preSolution
		Debug|Any CPU = Debug|Any CPU
		Release|Any CPU = Release|Any CPU
	EndGlobalSection
	GlobalSection(ProjectConfigurationPlatforms) = postSolution
		{BB539620-A20E-4099-99B5-C6C1ED103CA2}.Debug|Any CPU.ActiveCfg = Debug|Any CPU
		{BB539620-A20E-4099-99B5-C6C1ED103CA2}.Debug|Any CPU.Build.0 = Debug|Any CPU
		{BB539620-A20E-4099-99B5-C6C1ED103CA2}.Release|Any CPU.ActiveCfg = Release|Any CPU
		{BB539620-A20E-4099-99B5-C6C1ED103CA2}.Release|Any CPU.Build.0 = Release|Any CPU
		{2C0259E6-1B46-4EEA-AF87-C669D655CB4B}.Debug|Any CPU.ActiveCfg = Debug|Any CPU
		{2C0259E6-1B46-4EEA-AF87-C669D655CB4B}.Debug|Any CPU.Build.0 = Debug|Any CPU
		{2C0259E6-1B46-4EEA-AF87-C669D655CB4B}.Release|Any CPU.ActiveCfg = Release|Any CPU
		{2C0259E6-1B46-4EEA-AF87-C669D655CB4B}.Release|Any CPU.Build.0 = Release|Any CPU
		{4AD3D115-641D-4BB7-991A-4BF67373C8B9}.Debug|Any CPU.ActiveCfg = Debug|Any CPU
		{4AD3D115-641D-4BB7-991A-4BF67373C8B9}.Debug|Any CPU.Build.0 = Debug|Any CPU
		{4AD3D115-641D-4BB7-991A-4BF67373C8B9}.Release|Any CPU.ActiveCfg = Release|Any CPU
		{4AD3D115-641D-4BB7-991A-4BF67373C8B9}.Release|Any CPU.Build.0 = Release|Any CPU
		{A83E033B-4027-44BA-A6E1-D3A1F4F18058}.Debug|Any CPU.ActiveCfg = Debug|Any CPU
		{A83E033B-4027-44BA-A6E1-D3A1F4F18058}.Debug|Any CPU.Build.0 = Debug|Any CPU
		{A83E033B-4027-44BA-A6E1-D3A1F4F18058}.Release|Any CPU.ActiveCfg = Release|Any CPU
		{A83E033B-4027-44BA-A6E1-D3A1F4F18058}.Release|Any CPU.Build.0 = Release|Any CPU
	EndGlobalSection
	GlobalSection(SolutionProperties) = preSolution
		HideSolutionNode = FALSE
	EndGlobalSection
	GlobalSection(ExtensibilityGlobals) = postSolution
		SolutionGuid = {0F10DA1E-477E-4563-A319-29BBD1F58B8D}
	EndGlobalSection
EndGlobal
